// !$*UTF8*$!
{
	archiveVersion = 1;
	classes = {
	};
	objectVersion = 46;
	objects = {

/* Begin PBXBuildFile section */
		24C61E637349C6859652CB57 /* Pods_MMBETA.framework in Frameworks */ = {isa = PBXBuildFile; fileRef = 107434D7094922566346E809 /* Pods_MMBETA.framework */; };
		31166B6299D86DA4AAF67D4A /* Pods.framework in Frameworks */ = {isa = PBXBuildFile; fileRef = 1AC4002A690D4DD8C0FC8B0A /* Pods.framework */; };
		9F1755811B9D31C10091A46B /* coffee_details.swift in Sources */ = {isa = PBXBuildFile; fileRef = 9F1755801B9D31C10091A46B /* coffee_details.swift */; };
		9F1A8E931CB4D28500B21922 /* SearchResults.swift in Sources */ = {isa = PBXBuildFile; fileRef = 9F1A8E921CB4D28500B21922 /* SearchResults.swift */; };
		9F6302001C72DDAB0089FE4E /* SetLocationName.swift in Sources */ = {isa = PBXBuildFile; fileRef = 9F6301FF1C72DDAA0089FE4E /* SetLocationName.swift */; };
		9F72C52D1B8FF7EB0015C348 /* AppDelegate.swift in Sources */ = {isa = PBXBuildFile; fileRef = 9F72C52C1B8FF7EB0015C348 /* AppDelegate.swift */; };
		9F72C52F1B8FF7EB0015C348 /* Home.swift in Sources */ = {isa = PBXBuildFile; fileRef = 9F72C52E1B8FF7EB0015C348 /* Home.swift */; };
		9F72C5311B8FF7EB0015C348 /* Trending.swift in Sources */ = {isa = PBXBuildFile; fileRef = 9F72C5301B8FF7EB0015C348 /* Trending.swift */; };
		9F72C5341B8FF7EB0015C348 /* Main.storyboard in Resources */ = {isa = PBXBuildFile; fileRef = 9F72C5321B8FF7EB0015C348 /* Main.storyboard */; };
		9F72C5361B8FF7EB0015C348 /* Images.xcassets in Resources */ = {isa = PBXBuildFile; fileRef = 9F72C5351B8FF7EB0015C348 /* Images.xcassets */; };
		9F72C5391B8FF7EB0015C348 /* LaunchScreen.xib in Resources */ = {isa = PBXBuildFile; fileRef = 9F72C5371B8FF7EB0015C348 /* LaunchScreen.xib */; };
		9F72C5451B8FF7EB0015C348 /* MMBETATests.swift in Sources */ = {isa = PBXBuildFile; fileRef = 9F72C5441B8FF7EB0015C348 /* MMBETATests.swift */; };
		9F72C54F1B8FFDCE0015C348 /* MunchieLogin.swift in Sources */ = {isa = PBXBuildFile; fileRef = 9F72C54E1B8FFDCE0015C348 /* MunchieLogin.swift */; };
		9F7B15CB1B90384100592AFC /* MunchieSocialLogin.swift in Sources */ = {isa = PBXBuildFile; fileRef = 9F7B15CA1B90384100592AFC /* MunchieSocialLogin.swift */; };
		9F7B15CD1B917A3B00592AFC /* MunchieSignUp.swift in Sources */ = {isa = PBXBuildFile; fileRef = 9F7B15CC1B917A3B00592AFC /* MunchieSignUp.swift */; };
		9F7F2E0F1BA51F5E00B74349 /* AboutMe.swift in Sources */ = {isa = PBXBuildFile; fileRef = 9F7F2E0E1BA51F5E00B74349 /* AboutMe.swift */; };
		9FFF3FAF1BEB23BF00414667 /* SwiftyJSON.framework in Frameworks */ = {isa = PBXBuildFile; fileRef = 9FFF3FAE1BEB23BF00414667 /* SwiftyJSON.framework */; };
/* End PBXBuildFile section */

/* Begin PBXContainerItemProxy section */
		9F72C53F1B8FF7EB0015C348 /* PBXContainerItemProxy */ = {
			isa = PBXContainerItemProxy;
			containerPortal = 9F72C51F1B8FF7EB0015C348 /* Project object */;
			proxyType = 1;
			remoteGlobalIDString = 9F72C5261B8FF7EB0015C348;
			remoteInfo = MMBETA;
		};
/* End PBXContainerItemProxy section */

/* Begin PBXFileReference section */
		107434D7094922566346E809 /* Pods_MMBETA.framework */ = {isa = PBXFileReference; explicitFileType = wrapper.framework; includeInIndex = 0; path = Pods_MMBETA.framework; sourceTree = BUILT_PRODUCTS_DIR; };
		197F266EC8B0808661A4014A /* Pods.debug.xcconfig */ = {isa = PBXFileReference; includeInIndex = 1; lastKnownFileType = text.xcconfig; name = Pods.debug.xcconfig; path = "Pods/Target Support Files/Pods/Pods.debug.xcconfig"; sourceTree = "<group>"; };
		1AC4002A690D4DD8C0FC8B0A /* Pods.framework */ = {isa = PBXFileReference; explicitFileType = wrapper.framework; includeInIndex = 0; path = Pods.framework; sourceTree = BUILT_PRODUCTS_DIR; };
		9F1755801B9D31C10091A46B /* coffee_details.swift */ = {isa = PBXFileReference; fileEncoding = 4; lastKnownFileType = sourcecode.swift; path = coffee_details.swift; sourceTree = "<group>"; };
		9F1A8E921CB4D28500B21922 /* SearchResults.swift */ = {isa = PBXFileReference; fileEncoding = 4; lastKnownFileType = sourcecode.swift; path = SearchResults.swift; sourceTree = "<group>"; };
		9F6301FF1C72DDAA0089FE4E /* SetLocationName.swift */ = {isa = PBXFileReference; fileEncoding = 4; lastKnownFileType = sourcecode.swift; path = SetLocationName.swift; sourceTree = "<group>"; };
		9F72C5271B8FF7EB0015C348 /* MMBETA.app */ = {isa = PBXFileReference; explicitFileType = wrapper.application; includeInIndex = 0; path = MMBETA.app; sourceTree = BUILT_PRODUCTS_DIR; };
		9F72C52B1B8FF7EB0015C348 /* Info.plist */ = {isa = PBXFileReference; lastKnownFileType = text.plist.xml; path = Info.plist; sourceTree = "<group>"; };
		9F72C52C1B8FF7EB0015C348 /* AppDelegate.swift */ = {isa = PBXFileReference; lastKnownFileType = sourcecode.swift; path = AppDelegate.swift; sourceTree = "<group>"; };
		9F72C52E1B8FF7EB0015C348 /* Home.swift */ = {isa = PBXFileReference; lastKnownFileType = sourcecode.swift; path = Home.swift; sourceTree = "<group>"; };
		9F72C5301B8FF7EB0015C348 /* Trending.swift */ = {isa = PBXFileReference; lastKnownFileType = sourcecode.swift; path = Trending.swift; sourceTree = "<group>"; };
		9F72C5331B8FF7EB0015C348 /* Base */ = {isa = PBXFileReference; lastKnownFileType = file.storyboard; name = Base; path = Base.lproj/Main.storyboard; sourceTree = "<group>"; };
		9F72C5351B8FF7EB0015C348 /* Images.xcassets */ = {isa = PBXFileReference; lastKnownFileType = folder.assetcatalog; path = Images.xcassets; sourceTree = "<group>"; };
		9F72C5381B8FF7EB0015C348 /* Base */ = {isa = PBXFileReference; lastKnownFileType = file.xib; name = Base; path = Base.lproj/LaunchScreen.xib; sourceTree = "<group>"; };
		9F72C53E1B8FF7EB0015C348 /* MMBETATests.xctest */ = {isa = PBXFileReference; explicitFileType = wrapper.cfbundle; includeInIndex = 0; path = MMBETATests.xctest; sourceTree = BUILT_PRODUCTS_DIR; };
		9F72C5431B8FF7EB0015C348 /* Info.plist */ = {isa = PBXFileReference; lastKnownFileType = text.plist.xml; path = Info.plist; sourceTree = "<group>"; };
		9F72C5441B8FF7EB0015C348 /* MMBETATests.swift */ = {isa = PBXFileReference; lastKnownFileType = sourcecode.swift; path = MMBETATests.swift; sourceTree = "<group>"; };
		9F72C54E1B8FFDCE0015C348 /* MunchieLogin.swift */ = {isa = PBXFileReference; fileEncoding = 4; lastKnownFileType = sourcecode.swift; path = MunchieLogin.swift; sourceTree = "<group>"; };
		9F7B15CA1B90384100592AFC /* MunchieSocialLogin.swift */ = {isa = PBXFileReference; fileEncoding = 4; lastKnownFileType = sourcecode.swift; path = MunchieSocialLogin.swift; sourceTree = "<group>"; };
		9F7B15CC1B917A3B00592AFC /* MunchieSignUp.swift */ = {isa = PBXFileReference; fileEncoding = 4; lastKnownFileType = sourcecode.swift; path = MunchieSignUp.swift; sourceTree = "<group>"; };
		9F7F2E0E1BA51F5E00B74349 /* AboutMe.swift */ = {isa = PBXFileReference; fileEncoding = 4; lastKnownFileType = sourcecode.swift; path = AboutMe.swift; sourceTree = "<group>"; };
		9FFF3FAE1BEB23BF00414667 /* SwiftyJSON.framework */ = {isa = PBXFileReference; lastKnownFileType = wrapper.framework; name = SwiftyJSON.framework; path = "Pods/../build/Debug-iphoneos/SwiftyJSON.framework"; sourceTree = "<group>"; };
		CA3E5C46F674A0590F96593A /* Pods.release.xcconfig */ = {isa = PBXFileReference; includeInIndex = 1; lastKnownFileType = text.xcconfig; name = Pods.release.xcconfig; path = "Pods/Target Support Files/Pods/Pods.release.xcconfig"; sourceTree = "<group>"; };
/* End PBXFileReference section */

/* Begin PBXFrameworksBuildPhase section */
		9F72C5241B8FF7EB0015C348 /* Frameworks */ = {
			isa = PBXFrameworksBuildPhase;
			buildActionMask = 2147483647;
			files = (
				9FFF3FAF1BEB23BF00414667 /* SwiftyJSON.framework in Frameworks */,
				24C61E637349C6859652CB57 /* Pods_MMBETA.framework in Frameworks */,
				31166B6299D86DA4AAF67D4A /* Pods.framework in Frameworks */,
			);
			runOnlyForDeploymentPostprocessing = 0;
		};
		9F72C53B1B8FF7EB0015C348 /* Frameworks */ = {
			isa = PBXFrameworksBuildPhase;
			buildActionMask = 2147483647;
			files = (
			);
			runOnlyForDeploymentPostprocessing = 0;
		};
/* End PBXFrameworksBuildPhase section */

/* Begin PBXGroup section */
		05E66567304FB8A0008C47C6 /* Frameworks */ = {
			isa = PBXGroup;
			children = (
				9FFF3FAE1BEB23BF00414667 /* SwiftyJSON.framework */,
				107434D7094922566346E809 /* Pods_MMBETA.framework */,
				1AC4002A690D4DD8C0FC8B0A /* Pods.framework */,
			);
			name = Frameworks;
			sourceTree = "<group>";
		};
		8E76771322E06AB1E51FF783 /* Pods */ = {
			isa = PBXGroup;
			children = (
				197F266EC8B0808661A4014A /* Pods.debug.xcconfig */,
				CA3E5C46F674A0590F96593A /* Pods.release.xcconfig */,
			);
			name = Pods;
			sourceTree = "<group>";
		};
		9F17557F1B9D31040091A46B /* Data */ = {
			isa = PBXGroup;
			children = (
				9F1755801B9D31C10091A46B /* coffee_details.swift */,
			);
			name = Data;
			sourceTree = "<group>";
		};
		9F5329F81B96D03A005462BA /* Views */ = {
			isa = PBXGroup;
			children = (
			);
			name = Views;
			sourceTree = "<group>";
		};
		9F72C51E1B8FF7EB0015C348 = {
			isa = PBXGroup;
			children = (
				9F72C5291B8FF7EB0015C348 /* MMBETA */,
				9F72C5411B8FF7EB0015C348 /* MMBETATests */,
				9F72C5281B8FF7EB0015C348 /* Products */,
				8E76771322E06AB1E51FF783 /* Pods */,
				05E66567304FB8A0008C47C6 /* Frameworks */,
			);
			sourceTree = "<group>";
		};
		9F72C5281B8FF7EB0015C348 /* Products */ = {
			isa = PBXGroup;
			children = (
				9F72C5271B8FF7EB0015C348 /* MMBETA.app */,
				9F72C53E1B8FF7EB0015C348 /* MMBETATests.xctest */,
			);
			name = Products;
			sourceTree = "<group>";
		};
		9F72C5291B8FF7EB0015C348 /* MMBETA */ = {
			isa = PBXGroup;
			children = (
				9F17557F1B9D31040091A46B /* Data */,
				9F5329F81B96D03A005462BA /* Views */,
				9F72C5511B8FFE090015C348 /* Login */,
				9F72C5501B8FFDF00015C348 /* Tabs */,
				9F72C52C1B8FF7EB0015C348 /* AppDelegate.swift */,
				9F72C5321B8FF7EB0015C348 /* Main.storyboard */,
				9F72C5351B8FF7EB0015C348 /* Images.xcassets */,
				9F72C5371B8FF7EB0015C348 /* LaunchScreen.xib */,
				9F72C52A1B8FF7EB0015C348 /* Supporting Files */,
			);
			path = MMBETA;
			sourceTree = "<group>";
		};
		9F72C52A1B8FF7EB0015C348 /* Supporting Files */ = {
			isa = PBXGroup;
			children = (
				9F72C52B1B8FF7EB0015C348 /* Info.plist */,
			);
			name = "Supporting Files";
			sourceTree = "<group>";
		};
		9F72C5411B8FF7EB0015C348 /* MMBETATests */ = {
			isa = PBXGroup;
			children = (
				9F72C5441B8FF7EB0015C348 /* MMBETATests.swift */,
				9F72C5421B8FF7EB0015C348 /* Supporting Files */,
			);
			path = MMBETATests;
			sourceTree = "<group>";
		};
		9F72C5421B8FF7EB0015C348 /* Supporting Files */ = {
			isa = PBXGroup;
			children = (
				9F72C5431B8FF7EB0015C348 /* Info.plist */,
			);
			name = "Supporting Files";
			sourceTree = "<group>";
		};
		9F72C5501B8FFDF00015C348 /* Tabs */ = {
			isa = PBXGroup;
			children = (
				9F72C52E1B8FF7EB0015C348 /* Home.swift */,
				9F72C5301B8FF7EB0015C348 /* Trending.swift */,
				9F6301FF1C72DDAA0089FE4E /* SetLocationName.swift */,
				9F7F2E0E1BA51F5E00B74349 /* AboutMe.swift */,
				9F1A8E921CB4D28500B21922 /* SearchResults.swift */,
			);
			name = Tabs;
			sourceTree = "<group>";
		};
		9F72C5511B8FFE090015C348 /* Login */ = {
			isa = PBXGroup;
			children = (
				9F72C54E1B8FFDCE0015C348 /* MunchieLogin.swift */,
				9F7B15CA1B90384100592AFC /* MunchieSocialLogin.swift */,
				9F7B15CC1B917A3B00592AFC /* MunchieSignUp.swift */,
			);
			name = Login;
			sourceTree = "<group>";
		};
/* End PBXGroup section */

/* Begin PBXNativeTarget section */
		9F72C5261B8FF7EB0015C348 /* MMBETA */ = {
			isa = PBXNativeTarget;
			buildConfigurationList = 9F72C5481B8FF7EB0015C348 /* Build configuration list for PBXNativeTarget "MMBETA" */;
			buildPhases = (
				D2B5AC7BEA9EA93E12A39FCA /* Check Pods Manifest.lock */,
				9F72C5231B8FF7EB0015C348 /* Sources */,
				9F72C5241B8FF7EB0015C348 /* Frameworks */,
				9F72C5251B8FF7EB0015C348 /* Resources */,
				F70D86B73455BAA22FEE2B48 /* Copy Pods Resources */,
				10EB8467FCAB575CD91DEC43 /* Embed Pods Frameworks */,
			);
			buildRules = (
			);
			dependencies = (
			);
			name = MMBETA;
			productName = MMBETA;
			productReference = 9F72C5271B8FF7EB0015C348 /* MMBETA.app */;
			productType = "com.apple.product-type.application";
		};
		9F72C53D1B8FF7EB0015C348 /* MMBETATests */ = {
			isa = PBXNativeTarget;
			buildConfigurationList = 9F72C54B1B8FF7EB0015C348 /* Build configuration list for PBXNativeTarget "MMBETATests" */;
			buildPhases = (
				9F72C53A1B8FF7EB0015C348 /* Sources */,
				9F72C53B1B8FF7EB0015C348 /* Frameworks */,
				9F72C53C1B8FF7EB0015C348 /* Resources */,
			);
			buildRules = (
			);
			dependencies = (
				9F72C5401B8FF7EB0015C348 /* PBXTargetDependency */,
			);
			name = MMBETATests;
			productName = MMBETATests;
			productReference = 9F72C53E1B8FF7EB0015C348 /* MMBETATests.xctest */;
			productType = "com.apple.product-type.bundle.unit-test";
		};
/* End PBXNativeTarget section */

/* Begin PBXProject section */
		9F72C51F1B8FF7EB0015C348 /* Project object */ = {
			isa = PBXProject;
			attributes = {
				LastSwiftMigration = 0700;
				LastSwiftUpdateCheck = 0700;
				LastUpgradeCheck = 0700;
				ORGANIZATIONNAME = "Munchie Meets";
				TargetAttributes = {
					9F72C5261B8FF7EB0015C348 = {
						CreatedOnToolsVersion = 6.3.1;
					};
					9F72C53D1B8FF7EB0015C348 = {
						CreatedOnToolsVersion = 6.3.1;
						TestTargetID = 9F72C5261B8FF7EB0015C348;
					};
				};
			};
			buildConfigurationList = 9F72C5221B8FF7EB0015C348 /* Build configuration list for PBXProject "MMBETA" */;
			compatibilityVersion = "Xcode 3.2";
			developmentRegion = English;
			hasScannedForEncodings = 0;
			knownRegions = (
				en,
				Base,
			);
			mainGroup = 9F72C51E1B8FF7EB0015C348;
			productRefGroup = 9F72C5281B8FF7EB0015C348 /* Products */;
			projectDirPath = "";
			projectRoot = "";
			targets = (
				9F72C5261B8FF7EB0015C348 /* MMBETA */,
				9F72C53D1B8FF7EB0015C348 /* MMBETATests */,
			);
		};
/* End PBXProject section */

/* Begin PBXResourcesBuildPhase section */
		9F72C5251B8FF7EB0015C348 /* Resources */ = {
			isa = PBXResourcesBuildPhase;
			buildActionMask = 2147483647;
			files = (
				9F72C5341B8FF7EB0015C348 /* Main.storyboard in Resources */,
				9F72C5391B8FF7EB0015C348 /* LaunchScreen.xib in Resources */,
				9F72C5361B8FF7EB0015C348 /* Images.xcassets in Resources */,
			);
			runOnlyForDeploymentPostprocessing = 0;
		};
		9F72C53C1B8FF7EB0015C348 /* Resources */ = {
			isa = PBXResourcesBuildPhase;
			buildActionMask = 2147483647;
			files = (
			);
			runOnlyForDeploymentPostprocessing = 0;
		};
/* End PBXResourcesBuildPhase section */

/* Begin PBXShellScriptBuildPhase section */
		10EB8467FCAB575CD91DEC43 /* Embed Pods Frameworks */ = {
			isa = PBXShellScriptBuildPhase;
			buildActionMask = 2147483647;
			files = (
			);
			inputPaths = (
			);
			name = "Embed Pods Frameworks";
			outputPaths = (
			);
			runOnlyForDeploymentPostprocessing = 0;
			shellPath = /bin/sh;
			shellScript = "\"${SRCROOT}/Pods/Target Support Files/Pods/Pods-frameworks.sh\"\n";
			showEnvVarsInLog = 0;
		};
		D2B5AC7BEA9EA93E12A39FCA /* Check Pods Manifest.lock */ = {
			isa = PBXShellScriptBuildPhase;
			buildActionMask = 2147483647;
			files = (
			);
			inputPaths = (
			);
			name = "Check Pods Manifest.lock";
			outputPaths = (
			);
			runOnlyForDeploymentPostprocessing = 0;
			shellPath = /bin/sh;
			shellScript = "diff \"${PODS_ROOT}/../Podfile.lock\" \"${PODS_ROOT}/Manifest.lock\" > /dev/null\nif [[ $? != 0 ]] ; then\n    cat << EOM\nerror: The sandbox is not in sync with the Podfile.lock. Run 'pod install' or update your CocoaPods installation.\nEOM\n    exit 1\nfi\n";
			showEnvVarsInLog = 0;
		};
		F70D86B73455BAA22FEE2B48 /* Copy Pods Resources */ = {
			isa = PBXShellScriptBuildPhase;
			buildActionMask = 2147483647;
			files = (
			);
			inputPaths = (
			);
			name = "Copy Pods Resources";
			outputPaths = (
			);
			runOnlyForDeploymentPostprocessing = 0;
			shellPath = /bin/sh;
			shellScript = "\"${SRCROOT}/Pods/Target Support Files/Pods-MMBETA/Pods-MMBETA-resources.sh\"\n";
			showEnvVarsInLog = 0;
		};
/* End PBXShellScriptBuildPhase section */

/* Begin PBXSourcesBuildPhase section */
		9F72C5231B8FF7EB0015C348 /* Sources */ = {
			isa = PBXSourcesBuildPhase;
			buildActionMask = 2147483647;
			files = (
				9F72C5311B8FF7EB0015C348 /* Trending.swift in Sources */,
				9F7F2E0F1BA51F5E00B74349 /* AboutMe.swift in Sources */,
				9F1A8E931CB4D28500B21922 /* SearchResults.swift in Sources */,
				9F7B15CD1B917A3B00592AFC /* MunchieSignUp.swift in Sources */,
				9F1755811B9D31C10091A46B /* coffee_details.swift in Sources */,
				9F72C52D1B8FF7EB0015C348 /* AppDelegate.swift in Sources */,
				9F72C52F1B8FF7EB0015C348 /* Home.swift in Sources */,
				9F72C54F1B8FFDCE0015C348 /* MunchieLogin.swift in Sources */,
				9F7B15CB1B90384100592AFC /* MunchieSocialLogin.swift in Sources */,
				9F6302001C72DDAB0089FE4E /* SetLocationName.swift in Sources */,
			);
			runOnlyForDeploymentPostprocessing = 0;
		};
		9F72C53A1B8FF7EB0015C348 /* Sources */ = {
			isa = PBXSourcesBuildPhase;
			buildActionMask = 2147483647;
			files = (
				9F72C5451B8FF7EB0015C348 /* MMBETATests.swift in Sources */,
			);
			runOnlyForDeploymentPostprocessing = 0;
		};
/* End PBXSourcesBuildPhase section */

/* Begin PBXTargetDependency section */
		9F72C5401B8FF7EB0015C348 /* PBXTargetDependency */ = {
			isa = PBXTargetDependency;
			target = 9F72C5261B8FF7EB0015C348 /* MMBETA */;
			targetProxy = 9F72C53F1B8FF7EB0015C348 /* PBXContainerItemProxy */;
		};
/* End PBXTargetDependency section */

/* Begin PBXVariantGroup section */
		9F72C5321B8FF7EB0015C348 /* Main.storyboard */ = {
			isa = PBXVariantGroup;
			children = (
				9F72C5331B8FF7EB0015C348 /* Base */,
			);
			name = Main.storyboard;
			sourceTree = "<group>";
		};
		9F72C5371B8FF7EB0015C348 /* LaunchScreen.xib */ = {
			isa = PBXVariantGroup;
			children = (
				9F72C5381B8FF7EB0015C348 /* Base */,
			);
			name = LaunchScreen.xib;
			sourceTree = "<group>";
		};
/* End PBXVariantGroup section */

/* Begin XCBuildConfiguration section */
		9F72C5461B8FF7EB0015C348 /* Debug */ = {
			isa = XCBuildConfiguration;
			buildSettings = {
				ALWAYS_SEARCH_USER_PATHS = NO;
				CLANG_CXX_LANGUAGE_STANDARD = "gnu++0x";
				CLANG_CXX_LIBRARY = "libc++";
				CLANG_ENABLE_MODULES = YES;
				CLANG_ENABLE_OBJC_ARC = YES;
				CLANG_WARN_BOOL_CONVERSION = YES;
				CLANG_WARN_CONSTANT_CONVERSION = YES;
				CLANG_WARN_DIRECT_OBJC_ISA_USAGE = YES_ERROR;
				CLANG_WARN_EMPTY_BODY = YES;
				CLANG_WARN_ENUM_CONVERSION = YES;
				CLANG_WARN_INT_CONVERSION = YES;
				CLANG_WARN_OBJC_ROOT_CLASS = YES_ERROR;
				CLANG_WARN_UNREACHABLE_CODE = YES;
				CLANG_WARN__DUPLICATE_METHOD_MATCH = YES;
				"CODE_SIGN_IDENTITY[sdk=iphoneos*]" = "iPhone Developer";
				COPY_PHASE_STRIP = NO;
				DEBUG_INFORMATION_FORMAT = "dwarf-with-dsym";
				ENABLE_STRICT_OBJC_MSGSEND = YES;
				ENABLE_TESTABILITY = YES;
				GCC_C_LANGUAGE_STANDARD = gnu99;
				GCC_DYNAMIC_NO_PIC = NO;
				GCC_NO_COMMON_BLOCKS = YES;
				GCC_OPTIMIZATION_LEVEL = 0;
				GCC_PREPROCESSOR_DEFINITIONS = (
					"DEBUG=1",
					"$(inherited)",
				);
				GCC_SYMBOLS_PRIVATE_EXTERN = NO;
				GCC_WARN_64_TO_32_BIT_CONVERSION = YES;
				GCC_WARN_ABOUT_RETURN_TYPE = YES_ERROR;
				GCC_WARN_UNDECLARED_SELECTOR = YES;
				GCC_WARN_UNINITIALIZED_AUTOS = YES_AGGRESSIVE;
				GCC_WARN_UNUSED_FUNCTION = YES;
				GCC_WARN_UNUSED_VARIABLE = YES;
				IPHONEOS_DEPLOYMENT_TARGET = 9.0;
				MTL_ENABLE_DEBUG_INFO = YES;
				ONLY_ACTIVE_ARCH = YES;
				SDKROOT = iphoneos;
				SWIFT_OPTIMIZATION_LEVEL = "-Onone";
			};
			name = Debug;
		};
		9F72C5471B8FF7EB0015C348 /* Release */ = {
			isa = XCBuildConfiguration;
			buildSettings = {
				ALWAYS_SEARCH_USER_PATHS = NO;
				CLANG_CXX_LANGUAGE_STANDARD = "gnu++0x";
				CLANG_CXX_LIBRARY = "libc++";
				CLANG_ENABLE_MODULES = YES;
				CLANG_ENABLE_OBJC_ARC = YES;
				CLANG_WARN_BOOL_CONVERSION = YES;
				CLANG_WARN_CONSTANT_CONVERSION = YES;
				CLANG_WARN_DIRECT_OBJC_ISA_USAGE = YES_ERROR;
				CLANG_WARN_EMPTY_BODY = YES;
				CLANG_WARN_ENUM_CONVERSION = YES;
				CLANG_WARN_INT_CONVERSION = YES;
				CLANG_WARN_OBJC_ROOT_CLASS = YES_ERROR;
				CLANG_WARN_UNREACHABLE_CODE = YES;
				CLANG_WARN__DUPLICATE_METHOD_MATCH = YES;
				"CODE_SIGN_IDENTITY[sdk=iphoneos*]" = "iPhone Developer";
				COPY_PHASE_STRIP = NO;
				DEBUG_INFORMATION_FORMAT = "dwarf-with-dsym";
				ENABLE_NS_ASSERTIONS = NO;
				ENABLE_STRICT_OBJC_MSGSEND = YES;
				GCC_C_LANGUAGE_STANDARD = gnu99;
				GCC_NO_COMMON_BLOCKS = YES;
				GCC_WARN_64_TO_32_BIT_CONVERSION = YES;
				GCC_WARN_ABOUT_RETURN_TYPE = YES_ERROR;
				GCC_WARN_UNDECLARED_SELECTOR = YES;
				GCC_WARN_UNINITIALIZED_AUTOS = YES_AGGRESSIVE;
				GCC_WARN_UNUSED_FUNCTION = YES;
				GCC_WARN_UNUSED_VARIABLE = YES;
				IPHONEOS_DEPLOYMENT_TARGET = 9.0;
				MTL_ENABLE_DEBUG_INFO = NO;
				SDKROOT = iphoneos;
				VALIDATE_PRODUCT = YES;
			};
			name = Release;
		};
		9F72C5491B8FF7EB0015C348 /* Debug */ = {
			isa = XCBuildConfiguration;
			baseConfigurationReference = 197F266EC8B0808661A4014A /* Pods.debug.xcconfig */;
			buildSettings = {
				ASSETCATALOG_COMPILER_APPICON_NAME = AppIcon;
				FRAMEWORK_SEARCH_PATHS = (
					"$(inherited)",
					"$(PROJECT_DIR)/build/Debug-iphoneos",
				);
				INFOPLIST_FILE = MMBETA/Info.plist;
				IPHONEOS_DEPLOYMENT_TARGET = 9.0;
				LD_RUNPATH_SEARCH_PATHS = "$(inherited) @executable_path/Frameworks";
				PRODUCT_BUNDLE_IDENTIFIER = "com.munchie.$(PRODUCT_NAME:rfc1034identifier)";
				PRODUCT_NAME = "$(TARGET_NAME)";
				SWIFT_OBJC_BRIDGING_HEADER = "${PROJECT_DIR}/Pods/Backendless-ios-SDK/SDK/lib/backendless/include/Backendless-Bridging-Header.h";
			};
			name = Debug;
		};
		9F72C54A1B8FF7EB0015C348 /* Release */ = {
			isa = XCBuildConfiguration;
			baseConfigurationReference = CA3E5C46F674A0590F96593A /* Pods.release.xcconfig */;
			buildSettings = {
				ASSETCATALOG_COMPILER_APPICON_NAME = AppIcon;
				FRAMEWORK_SEARCH_PATHS = (
					"$(inherited)",
					"$(PROJECT_DIR)/build/Debug-iphoneos",
				);
				INFOPLIST_FILE = MMBETA/Info.plist;
				IPHONEOS_DEPLOYMENT_TARGET = 9.0;
				LD_RUNPATH_SEARCH_PATHS = "$(inherited) @executable_path/Frameworks";
				PRODUCT_BUNDLE_IDENTIFIER = "com.munchie.$(PRODUCT_NAME:rfc1034identifier)";
				PRODUCT_NAME = "$(TARGET_NAME)";
				SWIFT_OBJC_BRIDGING_HEADER = "${PROJECT_DIR}/Pods/Backendless-ios-SDK/SDK/lib/backendless/include/Backendless-Bridging-Header.h";
			};
			name = Release;
		};
		9F72C54C1B8FF7EB0015C348 /* Debug */ = {
			isa = XCBuildConfiguration;
			buildSettings = {
				BUNDLE_LOADER = "$(TEST_HOST)";
				FRAMEWORK_SEARCH_PATHS = (
					"$(SDKROOT)/Developer/Library/Frameworks",
					"$(inherited)",
				);
				GCC_PREPROCESSOR_DEFINITIONS = (
					"DEBUG=1",
					"$(inherited)",
				);
				INFOPLIST_FILE = MMBETATests/Info.plist;
				LD_RUNPATH_SEARCH_PATHS = "$(inherited) @executable_path/Frameworks @loader_path/Frameworks";
				PRODUCT_BUNDLE_IDENTIFIER = "com.munchie.$(PRODUCT_NAME:rfc1034identifier)";
				PRODUCT_NAME = "$(TARGET_NAME)";
				TEST_HOST = "$(BUILT_PRODUCTS_DIR)/MMBETA.app/MMBETA";
			};
			name = Debug;
		};
		9F72C54D1B8FF7EB0015C348 /* Release */ = {
			isa = XCBuildConfiguration;
			buildSettings = {
				BUNDLE_LOADER = "$(TEST_HOST)";
				FRAMEWORK_SEARCH_PATHS = (
					"$(SDKROOT)/Developer/Library/Frameworks",
					"$(inherited)",
				);
				INFOPLIST_FILE = MMBETATests/Info.plist;
				LD_RUNPATH_SEARCH_PATHS = "$(inherited) @executable_path/Frameworks @loader_path/Frameworks";
				PRODUCT_BUNDLE_IDENTIFIER = "com.munchie.$(PRODUCT_NAME:rfc1034identifier)";
				PRODUCT_NAME = "$(TARGET_NAME)";
				TEST_HOST = "$(BUILT_PRODUCTS_DIR)/MMBETA.app/MMBETA";
			};
			name = Release;
		};
/* End XCBuildConfiguration section */

/* Begin XCConfigurationList section */
		9F72C5221B8FF7EB0015C348 /* Build configuration list for PBXProject "MMBETA" */ = {
			isa = XCConfigurationList;
			buildConfigurations = (
				9F72C5461B8FF7EB0015C348 /* Debug */,
				9F72C5471B8FF7EB0015C348 /* Release */,
			);
			defaultConfigurationIsVisible = 0;
			defaultConfigurationName = Release;
		};
		9F72C5481B8FF7EB0015C348 /* Build configuration list for PBXNativeTarget "MMBETA" */ = {
			isa = XCConfigurationList;
			buildConfigurations = (
				9F72C5491B8FF7EB0015C348 /* Debug */,
				9F72C54A1B8FF7EB0015C348 /* Release */,
			);
			defaultConfigurationIsVisible = 0;
			defaultConfigurationName = Release;
		};
		9F72C54B1B8FF7EB0015C348 /* Build configuration list for PBXNativeTarget "MMBETATests" */ = {
			isa = XCConfigurationList;
			buildConfigurations = (
				9F72C54C1B8FF7EB0015C348 /* Debug */,
				9F72C54D1B8FF7EB0015C348 /* Release */,
			);
			defaultConfigurationIsVisible = 0;
			defaultConfigurationName = Release;
		};
/* End XCConfigurationList section */
	};
	rootObject = 9F72C51F1B8FF7EB0015C348 /* Project object */;
}
